
Microsoft Visual Studio Solution File, Format Version 12.00
# Visual Studio 15
VisualStudioVersion = 15.0.28010.2019
MinimumVisualStudioVersion = 10.0.40219.1
Project("{FAE04EC0-301F-11D3-BF4B-00C04F79EFBC}") = "homework3", "homework3\homework3.csproj", "{3800D192-C6F2-4054-82A8-E58E10EC7877}"
EndProject
Global
	GlobalSection(SolutionConfigurationPlatforms) = preSolution
		Debug|Any CPU = Debug|Any CPU
		Release|Any CPU = Release|Any CPU
	EndGlobalSection
	GlobalSection(ProjectConfigurationPlatforms) = postSolution
		{3800D192-C6F2-4054-82A8-E58E10EC7877}.Debug|Any CPU.ActiveCfg = Debug|Any CPU
		{3800D192-C6F2-4054-82A8-E58E10EC7877}.Debug|Any CPU.Build.0 = Debug|Any CPU
		{3800D192-C6F2-4054-82A8-E58E10EC7877}.Release|Any CPU.ActiveCfg = Release|Any CPU
		{3800D192-C6F2-4054-82A8-E58E10EC7877}.Release|Any CPU.Build.0 = Release|Any CPU
	EndGlobalSection
	GlobalSection(SolutionProperties) = preSolution
		HideSolutionNode = FALSE
	EndGlobalSection
	GlobalSection(ExtensibilityGlobals) = postSolution
		SolutionGuid = {A40C186F-42CD-42E8-9DE2-A58EC78C5595}
	EndGlobalSection
EndGlobal
